PODS:
  - KarteCore (2.13.0):
    - KarteUtilities (~> 3.3)
  - KarteUtilities (3.3.0):
    - KarteUtilities/standard (= 3.3.0)
  - KarteUtilities/standard (3.3.0)

DEPENDENCIES:
  - KarteCore (= 2.13.0)

SPEC REPOS:
  trunk:
    - KarteCore
    - KarteUtilities

SPEC CHECKSUMS:
  KarteCore: 3ececcbaeb25812137fb60d9ff02787c2ad63831
  KarteUtilities: 87d79d20649710937f9bfd4961d369bf77105152

PODFILE CHECKSUM: a472a4b1c162bd6f6880ce56b24b2a287cdc1cc6

COCOAPODS: 1.11.3
