PODS:
  - KarteCore (2.21.0):
    - KarteUtilities (~> 3.3)
  - KarteUtilities (3.7.0):
    - KarteUtilities/standard (= 3.7.0)
  - KarteUtilities/standard (3.7.0)

DEPENDENCIES:
  - KarteCore (= 2.21.0)

SPEC REPOS:
  trunk:
    - KarteCore
    - KarteUtilities

SPEC CHECKSUMS:
  KarteCore: d1a9579683d53f1489dfd90cf9612ea9a25c97a6
  KarteUtilities: 432cbe181f861314eecf37bd2bd236d2c9971721

PODFILE CHECKSUM: ab4aa150c876b8875abb4f87dfccd8dc247ee78a

COCOAPODS: 1.11.3
