PODS:
  - KarteCore (2.20.0):
    - KarteUtilities (~> 3.3)
  - KarteUtilities (3.7.0):
    - KarteUtilities/standard (= 3.7.0)
  - KarteUtilities/standard (3.7.0)

DEPENDENCIES:
  - KarteCore (= 2.20.0)

SPEC REPOS:
  trunk:
    - KarteCore
    - KarteUtilities

SPEC CHECKSUMS:
  KarteCore: aa06e140fdb0fcf29856798aed58ffb37fa57444
  KarteUtilities: 432cbe181f861314eecf37bd2bd236d2c9971721

PODFILE CHECKSUM: fd00c5b46403ac66d672574f32b240695719c597

COCOAPODS: 1.11.3
